
Microsoft Visual Studio Solution File, Format Version 12.00
# Visual Studio Version 17
VisualStudioVersion = 17.0.31903.59
MinimumVisualStudioVersion = 10.0.40219.1
Project("{2150E333-8FDC-42A3-9474-1A3956D46DE8}") = "src", "src", "{827E0CD3-B72D-47B6-A68D-7590B98EB39B}"
EndProject
Project("{FAE04EC0-301F-11D3-BF4B-00C04F79EFBC}") = "Buddy.Core", "src\Buddy.Core\Buddy.Core.csproj", "{593B8C07-3DEF-4364-BF76-B61C91100082}"
EndProject
Project("{FAE04EC0-301F-11D3-BF4B-00C04F79EFBC}") = "Buddy.LLM", "src\Buddy.LLM\Buddy.LLM.csproj", "{6A3C86C1-0FE7-4819-8CD3-88B73C15970C}"
EndProject
Project("{FAE04EC0-301F-11D3-BF4B-00C04F79EFBC}") = "Buddy.Cli", "src\Buddy.Cli\Buddy.Cli.csproj", "{A06BFC92-2647-4B67-806B-3D433FDAD2F7}"
EndProject
Project("{2150E333-8FDC-42A3-9474-1A3956D46DE8}") = "tests", "tests", "{0AB3BF05-4346-4AA6-1389-037BE0695223}"
EndProject
Project("{FAE04EC0-301F-11D3-BF4B-00C04F79EFBC}") = "Buddy.Core.Tests", "tests\Buddy.Core.Tests\Buddy.Core.Tests.csproj", "{F85E136D-638D-41B7-8EF4-2FCBC6721321}"
EndProject
Project("{FAE04EC0-301F-11D3-BF4B-00C04F79EFBC}") = "Buddy.LLM.Tests", "tests\Buddy.LLM.Tests\Buddy.LLM.Tests.csproj", "{0FBF4561-2FCB-4F91-81F4-80B33B78B6D5}"
EndProject
Global
	GlobalSection(SolutionConfigurationPlatforms) = preSolution
		Debug|Any CPU = Debug|Any CPU
		Debug|x64 = Debug|x64
		Debug|x86 = Debug|x86
		Release|Any CPU = Release|Any CPU
		Release|x64 = Release|x64
		Release|x86 = Release|x86
	EndGlobalSection
	GlobalSection(ProjectConfigurationPlatforms) = postSolution
		{593B8C07-3DEF-4364-BF76-B61C91100082}.Debug|Any CPU.ActiveCfg = Debug|Any CPU
		{593B8C07-3DEF-4364-BF76-B61C91100082}.Debug|Any CPU.Build.0 = Debug|Any CPU
		{593B8C07-3DEF-4364-BF76-B61C91100082}.Debug|x64.ActiveCfg = Debug|Any CPU
		{593B8C07-3DEF-4364-BF76-B61C91100082}.Debug|x64.Build.0 = Debug|Any CPU
		{593B8C07-3DEF-4364-BF76-B61C91100082}.Debug|x86.ActiveCfg = Debug|Any CPU
		{593B8C07-3DEF-4364-BF76-B61C91100082}.Debug|x86.Build.0 = Debug|Any CPU
		{593B8C07-3DEF-4364-BF76-B61C91100082}.Release|Any CPU.ActiveCfg = Release|Any CPU
		{593B8C07-3DEF-4364-BF76-B61C91100082}.Release|Any CPU.Build.0 = Release|Any CPU
		{593B8C07-3DEF-4364-BF76-B61C91100082}.Release|x64.ActiveCfg = Release|Any CPU
		{593B8C07-3DEF-4364-BF76-B61C91100082}.Release|x64.Build.0 = Release|Any CPU
		{593B8C07-3DEF-4364-BF76-B61C91100082}.Release|x86.ActiveCfg = Release|Any CPU
		{593B8C07-3DEF-4364-BF76-B61C91100082}.Release|x86.Build.0 = Release|Any CPU
		{6A3C86C1-0FE7-4819-8CD3-88B73C15970C}.Debug|Any CPU.ActiveCfg = Debug|Any CPU
		{6A3C86C1-0FE7-4819-8CD3-88B73C15970C}.Debug|Any CPU.Build.0 = Debug|Any CPU
		{6A3C86C1-0FE7-4819-8CD3-88B73C15970C}.Debug|x64.ActiveCfg = Debug|Any CPU
		{6A3C86C1-0FE7-4819-8CD3-88B73C15970C}.Debug|x64.Build.0 = Debug|Any CPU
		{6A3C86C1-0FE7-4819-8CD3-88B73C15970C}.Debug|x86.ActiveCfg = Debug|Any CPU
		{6A3C86C1-0FE7-4819-8CD3-88B73C15970C}.Debug|x86.Build.0 = Debug|Any CPU
		{6A3C86C1-0FE7-4819-8CD3-88B73C15970C}.Release|Any CPU.ActiveCfg = Release|Any CPU
		{6A3C86C1-0FE7-4819-8CD3-88B73C15970C}.Release|Any CPU.Build.0 = Release|Any CPU
		{6A3C86C1-0FE7-4819-8CD3-88B73C15970C}.Release|x64.ActiveCfg = Release|Any CPU
		{6A3C86C1-0FE7-4819-8CD3-88B73C15970C}.Release|x64.Build.0 = Release|Any CPU
		{6A3C86C1-0FE7-4819-8CD3-88B73C15970C}.Release|x86.ActiveCfg = Release|Any CPU
		{6A3C86C1-0FE7-4819-8CD3-88B73C15970C}.Release|x86.Build.0 = Release|Any CPU
		{A06BFC92-2647-4B67-806B-3D433FDAD2F7}.Debug|Any CPU.ActiveCfg = Debug|Any CPU
		{A06BFC92-2647-4B67-806B-3D433FDAD2F7}.Debug|Any CPU.Build.0 = Debug|Any CPU
		{A06BFC92-2647-4B67-806B-3D433FDAD2F7}.Debug|x64.ActiveCfg = Debug|Any CPU
		{A06BFC92-2647-4B67-806B-3D433FDAD2F7}.Debug|x64.Build.0 = Debug|Any CPU
		{A06BFC92-2647-4B67-806B-3D433FDAD2F7}.Debug|x86.ActiveCfg = Debug|Any CPU
		{A06BFC92-2647-4B67-806B-3D433FDAD2F7}.Debug|x86.Build.0 = Debug|Any CPU
		{A06BFC92-2647-4B67-806B-3D433FDAD2F7}.Release|Any CPU.ActiveCfg = Release|Any CPU
		{A06BFC92-2647-4B67-806B-3D433FDAD2F7}.Release|Any CPU.Build.0 = Release|Any CPU
		{A06BFC92-2647-4B67-806B-3D433FDAD2F7}.Release|x64.ActiveCfg = Release|Any CPU
		{A06BFC92-2647-4B67-806B-3D433FDAD2F7}.Release|x64.Build.0 = Release|Any CPU
		{A06BFC92-2647-4B67-806B-3D433FDAD2F7}.Release|x86.ActiveCfg = Release|Any CPU
		{A06BFC92-2647-4B67-806B-3D433FDAD2F7}.Release|x86.Build.0 = Release|Any CPU
		{F85E136D-638D-41B7-8EF4-2FCBC6721321}.Debug|Any CPU.ActiveCfg = Debug|Any CPU
		{F85E136D-638D-41B7-8EF4-2FCBC6721321}.Debug|Any CPU.Build.0 = Debug|Any CPU
		{F85E136D-638D-41B7-8EF4-2FCBC6721321}.Debug|x64.ActiveCfg = Debug|Any CPU
		{F85E136D-638D-41B7-8EF4-2FCBC6721321}.Debug|x64.Build.0 = Debug|Any CPU
		{F85E136D-638D-41B7-8EF4-2FCBC6721321}.Debug|x86.ActiveCfg = Debug|Any CPU
		{F85E136D-638D-41B7-8EF4-2FCBC6721321}.Debug|x86.Build.0 = Debug|Any CPU
		{F85E136D-638D-41B7-8EF4-2FCBC6721321}.Release|Any CPU.ActiveCfg = Release|Any CPU
		{F85E136D-638D-41B7-8EF4-2FCBC6721321}.Release|Any CPU.Build.0 = Release|Any CPU
		{F85E136D-638D-41B7-8EF4-2FCBC6721321}.Release|x64.ActiveCfg = Release|Any CPU
		{F85E136D-638D-41B7-8EF4-2FCBC6721321}.Release|x64.Build.0 = Release|Any CPU
		{F85E136D-638D-41B7-8EF4-2FCBC6721321}.Release|x86.ActiveCfg = Release|Any CPU
		{F85E136D-638D-41B7-8EF4-2FCBC6721321}.Release|x86.Build.0 = Release|Any CPU
		{0FBF4561-2FCB-4F91-81F4-80B33B78B6D5}.Debug|Any CPU.ActiveCfg = Debug|Any CPU
		{0FBF4561-2FCB-4F91-81F4-80B33B78B6D5}.Debug|Any CPU.Build.0 = Debug|Any CPU
		{0FBF4561-2FCB-4F91-81F4-80B33B78B6D5}.Debug|x64.ActiveCfg = Debug|Any CPU
		{0FBF4561-2FCB-4F91-81F4-80B33B78B6D5}.Debug|x64.Build.0 = Debug|Any CPU
		{0FBF4561-2FCB-4F91-81F4-80B33B78B6D5}.Debug|x86.ActiveCfg = Debug|Any CPU
		{0FBF4561-2FCB-4F91-81F4-80B33B78B6D5}.Debug|x86.Build.0 = Debug|Any CPU
		{0FBF4561-2FCB-4F91-81F4-80B33B78B6D5}.Release|Any CPU.ActiveCfg = Release|Any CPU
		{0FBF4561-2FCB-4F91-81F4-80B33B78B6D5}.Release|Any CPU.Build.0 = Release|Any CPU
		{0FBF4561-2FCB-4F91-81F4-80B33B78B6D5}.Release|x64.ActiveCfg = Release|Any CPU
		{0FBF4561-2FCB-4F91-81F4-80B33B78B6D5}.Release|x64.Build.0 = Release|Any CPU
		{0FBF4561-2FCB-4F91-81F4-80B33B78B6D5}.Release|x86.ActiveCfg = Release|Any CPU
		{0FBF4561-2FCB-4F91-81F4-80B33B78B6D5}.Release|x86.Build.0 = Release|Any CPU
	EndGlobalSection
	GlobalSection(SolutionProperties) = preSolution
		HideSolutionNode = FALSE
	EndGlobalSection
	GlobalSection(NestedProjects) = preSolution
		{593B8C07-3DEF-4364-BF76-B61C91100082} = {827E0CD3-B72D-47B6-A68D-7590B98EB39B}
		{6A3C86C1-0FE7-4819-8CD3-88B73C15970C} = {827E0CD3-B72D-47B6-A68D-7590B98EB39B}
		{A06BFC92-2647-4B67-806B-3D433FDAD2F7} = {827E0CD3-B72D-47B6-A68D-7590B98EB39B}
		{F85E136D-638D-41B7-8EF4-2FCBC6721321} = {0AB3BF05-4346-4AA6-1389-037BE0695223}
		{0FBF4561-2FCB-4F91-81F4-80B33B78B6D5} = {0AB3BF05-4346-4AA6-1389-037BE0695223}
	EndGlobalSection
EndGlobal
